
Microsoft Visual Studio Solution File, Format Version 12.00
# Visual Studio Version 17
VisualStudioVersion = 17.7.34221.43
MinimumVisualStudioVersion = 10.0.40219.1
Project("{FAE04EC0-301F-11D3-BF4B-00C04F79EFBC}") = "Opptyplugin", "Opptyplugin\Opptyplugin.csproj", "{0D7D8CD4-B151-4B1E-AF79-B85F2104AA2C}"
EndProject
Global
	GlobalSection(SolutionConfigurationPlatforms) = preSolution
		Debug|Any CPU = Debug|Any CPU
		Release|Any CPU = Release|Any CPU
	EndGlobalSection
	GlobalSection(ProjectConfigurationPlatforms) = postSolution
		{0D7D8CD4-B151-4B1E-AF79-B85F2104AA2C}.Debug|Any CPU.ActiveCfg = Debug|Any CPU
		{0D7D8CD4-B151-4B1E-AF79-B85F2104AA2C}.Debug|Any CPU.Build.0 = Debug|Any CPU
		{0D7D8CD4-B151-4B1E-AF79-B85F2104AA2C}.Release|Any CPU.ActiveCfg = Release|Any CPU
		{0D7D8CD4-B151-4B1E-AF79-B85F2104AA2C}.Release|Any CPU.Build.0 = Release|Any CPU
	EndGlobalSection
	GlobalSection(SolutionProperties) = preSolution
		HideSolutionNode = FALSE
	EndGlobalSection
	GlobalSection(ExtensibilityGlobals) = postSolution
		SolutionGuid = {01083F7B-02CB-412A-9AE5-A7BF1AC1A257}
	EndGlobalSection
EndGlobal
